
Microsoft Visual Studio Solution File, Format Version 12.00
# Visual Studio 2013
VisualStudioVersion = 12.0.31101.0
MinimumVisualStudioVersion = 10.0.40219.1
Project("{FAE04EC0-301F-11D3-BF4B-00C04F79EFBC}") = "GrowUpNavi", "GrowUpNavi\GrowUpNavi.csproj", "{91E4D3AA-1118-44C1-BFD1-DC36C5E989BB}"
EndProject
Global
	GlobalSection(SolutionConfigurationPlatforms) = preSolution
		Debug|Any CPU = Debug|Any CPU
		Release|Any CPU = Release|Any CPU
	EndGlobalSection
	GlobalSection(ProjectConfigurationPlatforms) = postSolution
		{91E4D3AA-1118-44C1-BFD1-DC36C5E989BB}.Debug|Any CPU.ActiveCfg = Debug|Any CPU
		{91E4D3AA-1118-44C1-BFD1-DC36C5E989BB}.Debug|Any CPU.Build.0 = Debug|Any CPU
		{91E4D3AA-1118-44C1-BFD1-DC36C5E989BB}.Release|Any CPU.ActiveCfg = Release|Any CPU
		{91E4D3AA-1118-44C1-BFD1-DC36C5E989BB}.Release|Any CPU.Build.0 = Release|Any CPU
	EndGlobalSection
	GlobalSection(SolutionProperties) = preSolution
		HideSolutionNode = FALSE
	EndGlobalSection
EndGlobal
